
Microsoft Visual Studio Solution File, Format Version 12.00
# Visual Studio Version 16
VisualStudioVersion = 16.0.30204.135
MinimumVisualStudioVersion = 10.0.40219.1
Project("{FAE04EC0-301F-11D3-BF4B-00C04F79EFBC}") = "PicturBox", "PicturBox.csproj", "{3A8135E7-6201-4D9B-BDD4-D83BD6344685}"
EndProject
Global
	GlobalSection(SolutionConfigurationPlatforms) = preSolution
		Debug|Any CPU = Debug|Any CPU
		Release|Any CPU = Release|Any CPU
	EndGlobalSection
	GlobalSection(ProjectConfigurationPlatforms) = postSolution
		{3A8135E7-6201-4D9B-BDD4-D83BD6344685}.Debug|Any CPU.ActiveCfg = Debug|Any CPU
		{3A8135E7-6201-4D9B-BDD4-D83BD6344685}.Debug|Any CPU.Build.0 = Debug|Any CPU
		{3A8135E7-6201-4D9B-BDD4-D83BD6344685}.Release|Any CPU.ActiveCfg = Release|Any CPU
		{3A8135E7-6201-4D9B-BDD4-D83BD6344685}.Release|Any CPU.Build.0 = Release|Any CPU
	EndGlobalSection
	GlobalSection(SolutionProperties) = preSolution
		HideSolutionNode = FALSE
	EndGlobalSection
	GlobalSection(ExtensibilityGlobals) = postSolution
		SolutionGuid = {064A4310-31D7-4C16-9C7D-C0E0A54BBC7C}
	EndGlobalSection
EndGlobal
